
Microsoft Visual Studio Solution File, Format Version 12.00
# Visual Studio Version 17
VisualStudioVersion = 17.8.34330.188
MinimumVisualStudioVersion = 10.0.40219.1
Project("{FAE04EC0-301F-11D3-BF4B-00C04F79EFBC}") = "List Sensitivity Labels", "List Sensitivity Labels.csproj", "{E0BBB9D1-1FE7-40E1-B409-FADEEA9EFF11}"
EndProject
Global
	GlobalSection(SolutionConfigurationPlatforms) = preSolution
		Debug|Any CPU = Debug|Any CPU
		Release|Any CPU = Release|Any CPU
	EndGlobalSection
	GlobalSection(ProjectConfigurationPlatforms) = postSolution
		{E0BBB9D1-1FE7-40E1-B409-FADEEA9EFF11}.Debug|Any CPU.ActiveCfg = Debug|Any CPU
		{E0BBB9D1-1FE7-40E1-B409-FADEEA9EFF11}.Debug|Any CPU.Build.0 = Debug|Any CPU
		{E0BBB9D1-1FE7-40E1-B409-FADEEA9EFF11}.Release|Any CPU.ActiveCfg = Release|Any CPU
		{E0BBB9D1-1FE7-40E1-B409-FADEEA9EFF11}.Release|Any CPU.Build.0 = Release|Any CPU
	EndGlobalSection
	GlobalSection(SolutionProperties) = preSolution
		HideSolutionNode = FALSE
	EndGlobalSection
	GlobalSection(ExtensibilityGlobals) = postSolution
		SolutionGuid = {0901E773-F7A1-4BF6-A834-24938C2F8EF8}
	EndGlobalSection
EndGlobal
